// !$*UTF8*$!
{
	archiveVersion = 1;
	classes = {
	};
	objectVersion = 50;
	objects = {

/* Begin PBXBuildFile section */
		3FF5E8F7F74B03E388502E26 /* Pods_Loco.framework in Frameworks */ = {isa = PBXBuildFile; fileRef = F3314695FBBCD58BF4C73CDF /* Pods_Loco.framework */; };
		8809603221CD1F2B006BA0AD /* example.json in Resources */ = {isa = PBXBuildFile; fileRef = 8809602F21CD1F2B006BA0AD /* example.json */; };
		8809603321CD1F2B006BA0AD /* README.md in Resources */ = {isa = PBXBuildFile; fileRef = 8809603021CD1F2B006BA0AD /* README.md */; };
		88F26E7F21CA64DD00FD291E /* AppDelegate.swift in Sources */ = {isa = PBXBuildFile; fileRef = 88F26E7E21CA64DD00FD291E /* AppDelegate.swift */; };
		88F26E8121CA64DD00FD291E /* ViewController.swift in Sources */ = {isa = PBXBuildFile; fileRef = 88F26E8021CA64DD00FD291E /* ViewController.swift */; };
		88F26E8321CA64DF00FD291E /* Assets.xcassets in Resources */ = {isa = PBXBuildFile; fileRef = 88F26E8221CA64DF00FD291E /* Assets.xcassets */; };
		88F26E8621CA64DF00FD291E /* Main.storyboard in Resources */ = {isa = PBXBuildFile; fileRef = 88F26E8421CA64DF00FD291E /* Main.storyboard */; };
		88F26E8F21CA7E5800FD291E /* SwiftGenerator.swift in Sources */ = {isa = PBXBuildFile; fileRef = 88F26E8E21CA7E5800FD291E /* SwiftGenerator.swift */; };
/* End PBXBuildFile section */

/* Begin PBXFileReference section */
		1F812389CE8EF0041FAE8F65 /* Pods-Loco.release.xcconfig */ = {isa = PBXFileReference; includeInIndex = 1; lastKnownFileType = text.xcconfig; name = "Pods-Loco.release.xcconfig"; path = "Pods/Target Support Files/Pods-Loco/Pods-Loco.release.xcconfig"; sourceTree = "<group>"; };
		42BC14F2814187832E815F30 /* Pods-Loco.debug.xcconfig */ = {isa = PBXFileReference; includeInIndex = 1; lastKnownFileType = text.xcconfig; name = "Pods-Loco.debug.xcconfig"; path = "Pods/Target Support Files/Pods-Loco/Pods-Loco.debug.xcconfig"; sourceTree = "<group>"; };
		8809602F21CD1F2B006BA0AD /* example.json */ = {isa = PBXFileReference; fileEncoding = 4; lastKnownFileType = text.json; path = example.json; sourceTree = "<group>"; };
		8809603021CD1F2B006BA0AD /* README.md */ = {isa = PBXFileReference; fileEncoding = 4; lastKnownFileType = net.daringfireball.markdown; path = README.md; sourceTree = "<group>"; };
		88F26E7B21CA64DD00FD291E /* Loco.app */ = {isa = PBXFileReference; explicitFileType = wrapper.application; includeInIndex = 0; path = Loco.app; sourceTree = BUILT_PRODUCTS_DIR; };
		88F26E7E21CA64DD00FD291E /* AppDelegate.swift */ = {isa = PBXFileReference; lastKnownFileType = sourcecode.swift; path = AppDelegate.swift; sourceTree = "<group>"; };
		88F26E8021CA64DD00FD291E /* ViewController.swift */ = {isa = PBXFileReference; lastKnownFileType = sourcecode.swift; path = ViewController.swift; sourceTree = "<group>"; };
		88F26E8221CA64DF00FD291E /* Assets.xcassets */ = {isa = PBXFileReference; lastKnownFileType = folder.assetcatalog; path = Assets.xcassets; sourceTree = "<group>"; };
		88F26E8521CA64DF00FD291E /* Base */ = {isa = PBXFileReference; lastKnownFileType = file.storyboard; name = Base; path = Base.lproj/Main.storyboard; sourceTree = "<group>"; };
		88F26E8721CA64DF00FD291E /* Info.plist */ = {isa = PBXFileReference; lastKnownFileType = text.plist.xml; path = Info.plist; sourceTree = "<group>"; };
		88F26E8821CA64DF00FD291E /* Loco.entitlements */ = {isa = PBXFileReference; lastKnownFileType = text.plist.entitlements; path = Loco.entitlements; sourceTree = "<group>"; };
		88F26E8E21CA7E5800FD291E /* SwiftGenerator.swift */ = {isa = PBXFileReference; lastKnownFileType = sourcecode.swift; path = SwiftGenerator.swift; sourceTree = "<group>"; };
		F3314695FBBCD58BF4C73CDF /* Pods_Loco.framework */ = {isa = PBXFileReference; explicitFileType = wrapper.framework; includeInIndex = 0; path = Pods_Loco.framework; sourceTree = BUILT_PRODUCTS_DIR; };
/* End PBXFileReference section */

/* Begin PBXFrameworksBuildPhase section */
		88F26E7821CA64DD00FD291E /* Frameworks */ = {
			isa = PBXFrameworksBuildPhase;
			buildActionMask = 2147483647;
			files = (
				3FF5E8F7F74B03E388502E26 /* Pods_Loco.framework in Frameworks */,
			);
			runOnlyForDeploymentPostprocessing = 0;
		};
/* End PBXFrameworksBuildPhase section */

/* Begin PBXGroup section */
		88F26E7221CA64DD00FD291E = {
			isa = PBXGroup;
			children = (
				8809602F21CD1F2B006BA0AD /* example.json */,
				8809603021CD1F2B006BA0AD /* README.md */,
				88F26E7D21CA64DD00FD291E /* Loco */,
				88F26E7C21CA64DD00FD291E /* Products */,
				D73D2A2B927DA4E75E5AB75F /* Pods */,
				E2E99CE0F8E132DED493BDA1 /* Frameworks */,
			);
			sourceTree = "<group>";
		};
		88F26E7C21CA64DD00FD291E /* Products */ = {
			isa = PBXGroup;
			children = (
				88F26E7B21CA64DD00FD291E /* Loco.app */,
			);
			name = Products;
			sourceTree = "<group>";
		};
		88F26E7D21CA64DD00FD291E /* Loco */ = {
			isa = PBXGroup;
			children = (
				88F26E7E21CA64DD00FD291E /* AppDelegate.swift */,
				88F26E8021CA64DD00FD291E /* ViewController.swift */,
				88F26E8221CA64DF00FD291E /* Assets.xcassets */,
				88F26E8421CA64DF00FD291E /* Main.storyboard */,
				88F26E8721CA64DF00FD291E /* Info.plist */,
				88F26E8821CA64DF00FD291E /* Loco.entitlements */,
				88F26E8E21CA7E5800FD291E /* SwiftGenerator.swift */,
			);
			path = Loco;
			sourceTree = "<group>";
		};
		D73D2A2B927DA4E75E5AB75F /* Pods */ = {
			isa = PBXGroup;
			children = (
				42BC14F2814187832E815F30 /* Pods-Loco.debug.xcconfig */,
				1F812389CE8EF0041FAE8F65 /* Pods-Loco.release.xcconfig */,
			);
			name = Pods;
			sourceTree = "<group>";
		};
		E2E99CE0F8E132DED493BDA1 /* Frameworks */ = {
			isa = PBXGroup;
			children = (
				F3314695FBBCD58BF4C73CDF /* Pods_Loco.framework */,
			);
			name = Frameworks;
			sourceTree = "<group>";
		};
/* End PBXGroup section */

/* Begin PBXNativeTarget section */
		88F26E7A21CA64DD00FD291E /* Loco */ = {
			isa = PBXNativeTarget;
			buildConfigurationList = 88F26E8B21CA64DF00FD291E /* Build configuration list for PBXNativeTarget "Loco" */;
			buildPhases = (
				E9ED82A1C036764FD05B7C7F /* [CP] Check Pods Manifest.lock */,
				88F26E7721CA64DD00FD291E /* Sources */,
				88F26E7821CA64DD00FD291E /* Frameworks */,
				88F26E7921CA64DD00FD291E /* Resources */,
				14D2746F2F5EA05175CC97F9 /* [CP] Embed Pods Frameworks */,
				183B9193E26F29E7AB0CC1F5 /* [CP] Copy Pods Resources */,
			);
			buildRules = (
			);
			dependencies = (
			);
			name = Loco;
			productName = Loco;
			productReference = 88F26E7B21CA64DD00FD291E /* Loco.app */;
			productType = "com.apple.product-type.application";
		};
/* End PBXNativeTarget section */

/* Begin PBXProject section */
		88F26E7321CA64DD00FD291E /* Project object */ = {
			isa = PBXProject;
			attributes = {
				LastSwiftUpdateCheck = 1010;
				LastUpgradeCheck = 1010;
				ORGANIZATIONNAME = de.check24;
				TargetAttributes = {
					88F26E7A21CA64DD00FD291E = {
						CreatedOnToolsVersion = 10.1;
					};
				};
			};
			buildConfigurationList = 88F26E7621CA64DD00FD291E /* Build configuration list for PBXProject "Loco" */;
			compatibilityVersion = "Xcode 9.3";
			developmentRegion = en;
			hasScannedForEncodings = 0;
			knownRegions = (
				en,
				Base,
			);
			mainGroup = 88F26E7221CA64DD00FD291E;
			productRefGroup = 88F26E7C21CA64DD00FD291E /* Products */;
			projectDirPath = "";
			projectRoot = "";
			targets = (
				88F26E7A21CA64DD00FD291E /* Loco */,
			);
		};
/* End PBXProject section */

/* Begin PBXResourcesBuildPhase section */
		88F26E7921CA64DD00FD291E /* Resources */ = {
			isa = PBXResourcesBuildPhase;
			buildActionMask = 2147483647;
			files = (
				88F26E8321CA64DF00FD291E /* Assets.xcassets in Resources */,
				88F26E8621CA64DF00FD291E /* Main.storyboard in Resources */,
				8809603321CD1F2B006BA0AD /* README.md in Resources */,
				8809603221CD1F2B006BA0AD /* example.json in Resources */,
			);
			runOnlyForDeploymentPostprocessing = 0;
		};
/* End PBXResourcesBuildPhase section */

/* Begin PBXShellScriptBuildPhase section */
		14D2746F2F5EA05175CC97F9 /* [CP] Embed Pods Frameworks */ = {
			isa = PBXShellScriptBuildPhase;
			buildActionMask = 2147483647;
			files = (
			);
			inputPaths = (
				"${SRCROOT}/Pods/Target Support Files/Pods-Loco/Pods-Loco-frameworks.sh",
				"${BUILT_PRODUCTS_DIR}/Fragaria/Fragaria.framework",
			);
			name = "[CP] Embed Pods Frameworks";
			outputPaths = (
				"${TARGET_BUILD_DIR}/${FRAMEWORKS_FOLDER_PATH}/Fragaria.framework",
			);
			runOnlyForDeploymentPostprocessing = 0;
			shellPath = /bin/sh;
			shellScript = "\"${SRCROOT}/Pods/Target Support Files/Pods-Loco/Pods-Loco-frameworks.sh\"\n";
			showEnvVarsInLog = 0;
		};
		183B9193E26F29E7AB0CC1F5 /* [CP] Copy Pods Resources */ = {
			isa = PBXShellScriptBuildPhase;
			buildActionMask = 2147483647;
			files = (
			);
			inputPaths = (
			);
			name = "[CP] Copy Pods Resources";
			outputPaths = (
			);
			runOnlyForDeploymentPostprocessing = 0;
			shellPath = /bin/sh;
			shellScript = "\"${SRCROOT}/Pods/Target Support Files/Pods-Loco/Pods-Loco-resources.sh\"\n";
			showEnvVarsInLog = 0;
		};
		E9ED82A1C036764FD05B7C7F /* [CP] Check Pods Manifest.lock */ = {
			isa = PBXShellScriptBuildPhase;
			buildActionMask = 2147483647;
			files = (
			);
			inputPaths = (
				"${PODS_PODFILE_DIR_PATH}/Podfile.lock",
				"${PODS_ROOT}/Manifest.lock",
			);
			name = "[CP] Check Pods Manifest.lock";
			outputPaths = (
				"$(DERIVED_FILE_DIR)/Pods-Loco-checkManifestLockResult.txt",
			);
			runOnlyForDeploymentPostprocessing = 0;
			shellPath = /bin/sh;
			shellScript = "diff \"${PODS_PODFILE_DIR_PATH}/Podfile.lock\" \"${PODS_ROOT}/Manifest.lock\" > /dev/null\nif [ $? != 0 ] ; then\n    # print error to STDERR\n    echo \"error: The sandbox is not in sync with the Podfile.lock. Run 'pod install' or update your CocoaPods installation.\" >&2\n    exit 1\nfi\n# This output is used by Xcode 'outputs' to avoid re-running this script phase.\necho \"SUCCESS\" > \"${SCRIPT_OUTPUT_FILE_0}\"\n";
			showEnvVarsInLog = 0;
		};
/* End PBXShellScriptBuildPhase section */

/* Begin PBXSourcesBuildPhase section */
		88F26E7721CA64DD00FD291E /* Sources */ = {
			isa = PBXSourcesBuildPhase;
			buildActionMask = 2147483647;
			files = (
				88F26E8121CA64DD00FD291E /* ViewController.swift in Sources */,
				88F26E7F21CA64DD00FD291E /* AppDelegate.swift in Sources */,
				88F26E8F21CA7E5800FD291E /* SwiftGenerator.swift in Sources */,
			);
			runOnlyForDeploymentPostprocessing = 0;
		};
/* End PBXSourcesBuildPhase section */

/* Begin PBXVariantGroup section */
		88F26E8421CA64DF00FD291E /* Main.storyboard */ = {
			isa = PBXVariantGroup;
			children = (
				88F26E8521CA64DF00FD291E /* Base */,
			);
			name = Main.storyboard;
			sourceTree = "<group>";
		};
/* End PBXVariantGroup section */

/* Begin XCBuildConfiguration section */
		88F26E8921CA64DF00FD291E /* Debug */ = {
			isa = XCBuildConfiguration;
			buildSettings = {
				ALWAYS_SEARCH_USER_PATHS = NO;
				CLANG_ANALYZER_NONNULL = YES;
				CLANG_ANALYZER_NUMBER_OBJECT_CONVERSION = YES_AGGRESSIVE;
				CLANG_CXX_LANGUAGE_STANDARD = "gnu++14";
				CLANG_CXX_LIBRARY = "libc++";
				CLANG_ENABLE_MODULES = YES;
				CLANG_ENABLE_OBJC_ARC = YES;
				CLANG_ENABLE_OBJC_WEAK = YES;
				CLANG_WARN_BLOCK_CAPTURE_AUTORELEASING = YES;
				CLANG_WARN_BOOL_CONVERSION = YES;
				CLANG_WARN_COMMA = YES;
				CLANG_WARN_CONSTANT_CONVERSION = YES;
				CLANG_WARN_DEPRECATED_OBJC_IMPLEMENTATIONS = YES;
				CLANG_WARN_DIRECT_OBJC_ISA_USAGE = YES_ERROR;
				CLANG_WARN_DOCUMENTATION_COMMENTS = YES;
				CLANG_WARN_EMPTY_BODY = YES;
				CLANG_WARN_ENUM_CONVERSION = YES;
				CLANG_WARN_INFINITE_RECURSION = YES;
				CLANG_WARN_INT_CONVERSION = YES;
				CLANG_WARN_NON_LITERAL_NULL_CONVERSION = YES;
				CLANG_WARN_OBJC_IMPLICIT_RETAIN_SELF = YES;
				CLANG_WARN_OBJC_LITERAL_CONVERSION = YES;
				CLANG_WARN_OBJC_ROOT_CLASS = YES_ERROR;
				CLANG_WARN_RANGE_LOOP_ANALYSIS = YES;
				CLANG_WARN_STRICT_PROTOTYPES = YES;
				CLANG_WARN_SUSPICIOUS_MOVE = YES;
				CLANG_WARN_UNGUARDED_AVAILABILITY = YES_AGGRESSIVE;
				CLANG_WARN_UNREACHABLE_CODE = YES;
				CLANG_WARN__DUPLICATE_METHOD_MATCH = YES;
				CODE_SIGN_IDENTITY = "Mac Developer";
				COPY_PHASE_STRIP = NO;
				DEBUG_INFORMATION_FORMAT = dwarf;
				ENABLE_STRICT_OBJC_MSGSEND = YES;
				ENABLE_TESTABILITY = YES;
				GCC_C_LANGUAGE_STANDARD = gnu11;
				GCC_DYNAMIC_NO_PIC = NO;
				GCC_NO_COMMON_BLOCKS = YES;
				GCC_OPTIMIZATION_LEVEL = 0;
				GCC_PREPROCESSOR_DEFINITIONS = (
					"DEBUG=1",
					"$(inherited)",
				);
				GCC_WARN_64_TO_32_BIT_CONVERSION = YES;
				GCC_WARN_ABOUT_RETURN_TYPE = YES_ERROR;
				GCC_WARN_UNDECLARED_SELECTOR = YES;
				GCC_WARN_UNINITIALIZED_AUTOS = YES_AGGRESSIVE;
				GCC_WARN_UNUSED_FUNCTION = YES;
				GCC_WARN_UNUSED_VARIABLE = YES;
				MACOSX_DEPLOYMENT_TARGET = 10.14;
				MTL_ENABLE_DEBUG_INFO = INCLUDE_SOURCE;
				MTL_FAST_MATH = YES;
				ONLY_ACTIVE_ARCH = YES;
				SDKROOT = macosx;
				SWIFT_ACTIVE_COMPILATION_CONDITIONS = DEBUG;
				SWIFT_OPTIMIZATION_LEVEL = "-Onone";
			};
			name = Debug;
		};
		88F26E8A21CA64DF00FD291E /* Release */ = {
			isa = XCBuildConfiguration;
			buildSettings = {
				ALWAYS_SEARCH_USER_PATHS = NO;
				CLANG_ANALYZER_NONNULL = YES;
				CLANG_ANALYZER_NUMBER_OBJECT_CONVERSION = YES_AGGRESSIVE;
				CLANG_CXX_LANGUAGE_STANDARD = "gnu++14";
				CLANG_CXX_LIBRARY = "libc++";
				CLANG_ENABLE_MODULES = YES;
				CLANG_ENABLE_OBJC_ARC = YES;
				CLANG_ENABLE_OBJC_WEAK = YES;
				CLANG_WARN_BLOCK_CAPTURE_AUTORELEASING = YES;
				CLANG_WARN_BOOL_CONVERSION = YES;
				CLANG_WARN_COMMA = YES;
				CLANG_WARN_CONSTANT_CONVERSION = YES;
				CLANG_WARN_DEPRECATED_OBJC_IMPLEMENTATIONS = YES;
				CLANG_WARN_DIRECT_OBJC_ISA_USAGE = YES_ERROR;
				CLANG_WARN_DOCUMENTATION_COMMENTS = YES;
				CLANG_WARN_EMPTY_BODY = YES;
				CLANG_WARN_ENUM_CONVERSION = YES;
				CLANG_WARN_INFINITE_RECURSION = YES;
				CLANG_WARN_INT_CONVERSION = YES;
				CLANG_WARN_NON_LITERAL_NULL_CONVERSION = YES;
				CLANG_WARN_OBJC_IMPLICIT_RETAIN_SELF = YES;
				CLANG_WARN_OBJC_LITERAL_CONVERSION = YES;
				CLANG_WARN_OBJC_ROOT_CLASS = YES_ERROR;
				CLANG_WARN_RANGE_LOOP_ANALYSIS = YES;
				CLANG_WARN_STRICT_PROTOTYPES = YES;
				CLANG_WARN_SUSPICIOUS_MOVE = YES;
				CLANG_WARN_UNGUARDED_AVAILABILITY = YES_AGGRESSIVE;
				CLANG_WARN_UNREACHABLE_CODE = YES;
				CLANG_WARN__DUPLICATE_METHOD_MATCH = YES;
				CODE_SIGN_IDENTITY = "Mac Developer";
				COPY_PHASE_STRIP = NO;
				DEBUG_INFORMATION_FORMAT = "dwarf-with-dsym";
				ENABLE_NS_ASSERTIONS = NO;
				ENABLE_STRICT_OBJC_MSGSEND = YES;
				GCC_C_LANGUAGE_STANDARD = gnu11;
				GCC_NO_COMMON_BLOCKS = YES;
				GCC_WARN_64_TO_32_BIT_CONVERSION = YES;
				GCC_WARN_ABOUT_RETURN_TYPE = YES_ERROR;
				GCC_WARN_UNDECLARED_SELECTOR = YES;
				GCC_WARN_UNINITIALIZED_AUTOS = YES_AGGRESSIVE;
				GCC_WARN_UNUSED_FUNCTION = YES;
				GCC_WARN_UNUSED_VARIABLE = YES;
				MACOSX_DEPLOYMENT_TARGET = 10.14;
				MTL_ENABLE_DEBUG_INFO = NO;
				MTL_FAST_MATH = YES;
				SDKROOT = macosx;
				SWIFT_COMPILATION_MODE = wholemodule;
				SWIFT_OPTIMIZATION_LEVEL = "-O";
			};
			name = Release;
		};
		88F26E8C21CA64DF00FD291E /* Debug */ = {
			isa = XCBuildConfiguration;
			baseConfigurationReference = 42BC14F2814187832E815F30 /* Pods-Loco.debug.xcconfig */;
			buildSettings = {
				ASSETCATALOG_COMPILER_APPICON_NAME = AppIcon;
				CODE_SIGN_ENTITLEMENTS = Loco/Loco.entitlements;
				CODE_SIGN_STYLE = Automatic;
				COMBINE_HIDPI_IMAGES = YES;
				DEVELOPMENT_TEAM = A8R9F2J94X;
				INFOPLIST_FILE = Loco/Info.plist;
				LD_RUNPATH_SEARCH_PATHS = (
					"$(inherited)",
					"@executable_path/../Frameworks",
				);
				PRODUCT_BUNDLE_IDENTIFIER = check24.Loco;
				PRODUCT_NAME = "$(TARGET_NAME)";
				SWIFT_VERSION = 4.2;
			};
			name = Debug;
		};
		88F26E8D21CA64DF00FD291E /* Release */ = {
			isa = XCBuildConfiguration;
			baseConfigurationReference = 1F812389CE8EF0041FAE8F65 /* Pods-Loco.release.xcconfig */;
			buildSettings = {
				ASSETCATALOG_COMPILER_APPICON_NAME = AppIcon;
				CODE_SIGN_ENTITLEMENTS = Loco/Loco.entitlements;
				CODE_SIGN_STYLE = Automatic;
				COMBINE_HIDPI_IMAGES = YES;
				DEVELOPMENT_TEAM = A8R9F2J94X;
				INFOPLIST_FILE = Loco/Info.plist;
				LD_RUNPATH_SEARCH_PATHS = (
					"$(inherited)",
					"@executable_path/../Frameworks",
				);
				PRODUCT_BUNDLE_IDENTIFIER = check24.Loco;
				PRODUCT_NAME = "$(TARGET_NAME)";
				SWIFT_VERSION = 4.2;
			};
			name = Release;
		};
/* End XCBuildConfiguration section */

/* Begin XCConfigurationList section */
		88F26E7621CA64DD00FD291E /* Build configuration list for PBXProject "Loco" */ = {
			isa = XCConfigurationList;
			buildConfigurations = (
				88F26E8921CA64DF00FD291E /* Debug */,
				88F26E8A21CA64DF00FD291E /* Release */,
			);
			defaultConfigurationIsVisible = 0;
			defaultConfigurationName = Release;
		};
		88F26E8B21CA64DF00FD291E /* Build configuration list for PBXNativeTarget "Loco" */ = {
			isa = XCConfigurationList;
			buildConfigurations = (
				88F26E8C21CA64DF00FD291E /* Debug */,
				88F26E8D21CA64DF00FD291E /* Release */,
			);
			defaultConfigurationIsVisible = 0;
			defaultConfigurationName = Release;
		};
/* End XCConfigurationList section */
	};
	rootObject = 88F26E7321CA64DD00FD291E /* Project object */;
}
